
Microsoft Visual Studio Solution File, Format Version 12.00
# Visual Studio Version 17
VisualStudioVersion = 17.5.33516.290
MinimumVisualStudioVersion = 10.0.40219.1
Project("{9A19103F-16F7-4668-BE54-9A1E7A4F7556}") = "Slot_1", "Slot_1\Slot_1.csproj", "{8C78ACBA-83C1-4C09-9969-6405C0754BD3}"
EndProject
Project("{9A19103F-16F7-4668-BE54-9A1E7A4F7556}") = "Slot_4", "Slot_4\Slot_4.csproj", "{A412E1C5-5A11-46A2-8D74-DBD4F2FF93F4}"
EndProject
Project("{9A19103F-16F7-4668-BE54-9A1E7A4F7556}") = "Slot_5", "Slot_5\Slot_5.csproj", "{7D6FF92A-2D63-4F94-8EAE-782B1C2584A6}"
EndProject
Project("{9A19103F-16F7-4668-BE54-9A1E7A4F7556}") = "Slot_6", "Slot_6\Slot_6.csproj", "{C7A3A6BF-2FCA-4A65-BD18-672B7BAEEFB9}"
EndProject
Project("{9A19103F-16F7-4668-BE54-9A1E7A4F7556}") = "Slot_8", "Slot_8\Slot_8.csproj", "{64526AA2-03EA-4A3F-8773-A22105BBD9F3}"
EndProject
Project("{9A19103F-16F7-4668-BE54-9A1E7A4F7556}") = "Slot_9", "Slot_9\Slot_9.csproj", "{8EC84DBF-1FB8-45D0-A850-D5E1EF6EB57C}"
EndProject
Project("{9A19103F-16F7-4668-BE54-9A1E7A4F7556}") = "Slot_11", "Slot_11\Slot_11.csproj", "{B7FED347-C93A-4E6B-82B3-79DA1AA9386A}"
EndProject
Project("{9A19103F-16F7-4668-BE54-9A1E7A4F7556}") = "Slot_12", "Slot_12\Slot_12.csproj", "{977C9475-6BDD-44DD-8474-05E22AC95470}"
EndProject
Project("{9A19103F-16F7-4668-BE54-9A1E7A4F7556}") = "Slot_16", "Slot_16\Slot_16.csproj", "{728F730F-3FC2-4C3C-B661-D9C2E92DE3B3}"
EndProject
Project("{9A19103F-16F7-4668-BE54-9A1E7A4F7556}") = "Slot_19", "Slot_19\Slot_19.csproj", "{CAD4DC6D-C0FD-4140-8657-B168C83711BE}"
EndProject
Project("{9A19103F-16F7-4668-BE54-9A1E7A4F7556}") = "Demo_PE_Q1", "Demo_PE_Q1\Demo_PE_Q1.csproj", "{F974F517-38FA-4B1F-BFC0-FFA9C12E3889}"
EndProject
Project("{9A19103F-16F7-4668-BE54-9A1E7A4F7556}") = "Demo_PE_Q2", "Demo_PE_Q2\Demo_PE_Q2.csproj", "{D551FF41-229B-4208-AABE-590AD576AD6F}"
EndProject
Project("{9A19103F-16F7-4668-BE54-9A1E7A4F7556}") = "Demo_PE_Q3", "Demo_PE_Q3\Demo_PE_Q3.csproj", "{A9F93208-7947-4DF3-84BB-40A6901C16C1}"
EndProject
Project("{9A19103F-16F7-4668-BE54-9A1E7A4F7556}") = "PRN211_Demo1_Q1", "PRN211_Demo1_Q1\PRN211_Demo1_Q1.csproj", "{BC29CEDE-1058-48AF-805D-8220B355D9EA}"
EndProject
Project("{9A19103F-16F7-4668-BE54-9A1E7A4F7556}") = "PRN211_Demo1_Q2", "PRN211_Demo1_Q2\PRN211_Demo1_Q2.csproj", "{99378583-1207-48A2-86DD-9541CAD48F6B}"
EndProject
Project("{9A19103F-16F7-4668-BE54-9A1E7A4F7556}") = "PRN211_Demo1_Q3", "PRN211_Demo1_Q3\PRN211_Demo1_Q3.csproj", "{A523ECDF-10CC-45C9-8419-4884297FACBA}"
EndProject
Project("{FAE04EC0-301F-11D3-BF4B-00C04F79EFBC}") = "Gaming_Center", "Gaming_Center\Gaming_Center.csproj", "{B5AC7143-9B26-47D2-A695-105F8F1C678A}"
EndProject
Global
	GlobalSection(SolutionConfigurationPlatforms) = preSolution
		Debug|Any CPU = Debug|Any CPU
		Release|Any CPU = Release|Any CPU
	EndGlobalSection
	GlobalSection(ProjectConfigurationPlatforms) = postSolution
		{8C78ACBA-83C1-4C09-9969-6405C0754BD3}.Debug|Any CPU.ActiveCfg = Debug|Any CPU
		{8C78ACBA-83C1-4C09-9969-6405C0754BD3}.Debug|Any CPU.Build.0 = Debug|Any CPU
		{8C78ACBA-83C1-4C09-9969-6405C0754BD3}.Release|Any CPU.ActiveCfg = Release|Any CPU
		{8C78ACBA-83C1-4C09-9969-6405C0754BD3}.Release|Any CPU.Build.0 = Release|Any CPU
		{A412E1C5-5A11-46A2-8D74-DBD4F2FF93F4}.Debug|Any CPU.ActiveCfg = Debug|Any CPU
		{A412E1C5-5A11-46A2-8D74-DBD4F2FF93F4}.Debug|Any CPU.Build.0 = Debug|Any CPU
		{A412E1C5-5A11-46A2-8D74-DBD4F2FF93F4}.Release|Any CPU.ActiveCfg = Release|Any CPU
		{A412E1C5-5A11-46A2-8D74-DBD4F2FF93F4}.Release|Any CPU.Build.0 = Release|Any CPU
		{7D6FF92A-2D63-4F94-8EAE-782B1C2584A6}.Debug|Any CPU.ActiveCfg = Debug|Any CPU
		{7D6FF92A-2D63-4F94-8EAE-782B1C2584A6}.Debug|Any CPU.Build.0 = Debug|Any CPU
		{7D6FF92A-2D63-4F94-8EAE-782B1C2584A6}.Release|Any CPU.ActiveCfg = Release|Any CPU
		{7D6FF92A-2D63-4F94-8EAE-782B1C2584A6}.Release|Any CPU.Build.0 = Release|Any CPU
		{C7A3A6BF-2FCA-4A65-BD18-672B7BAEEFB9}.Debug|Any CPU.ActiveCfg = Debug|Any CPU
		{C7A3A6BF-2FCA-4A65-BD18-672B7BAEEFB9}.Debug|Any CPU.Build.0 = Debug|Any CPU
		{C7A3A6BF-2FCA-4A65-BD18-672B7BAEEFB9}.Release|Any CPU.ActiveCfg = Release|Any CPU
		{C7A3A6BF-2FCA-4A65-BD18-672B7BAEEFB9}.Release|Any CPU.Build.0 = Release|Any CPU
		{64526AA2-03EA-4A3F-8773-A22105BBD9F3}.Debug|Any CPU.ActiveCfg = Debug|Any CPU
		{64526AA2-03EA-4A3F-8773-A22105BBD9F3}.Debug|Any CPU.Build.0 = Debug|Any CPU
		{64526AA2-03EA-4A3F-8773-A22105BBD9F3}.Release|Any CPU.ActiveCfg = Release|Any CPU
		{64526AA2-03EA-4A3F-8773-A22105BBD9F3}.Release|Any CPU.Build.0 = Release|Any CPU
		{8EC84DBF-1FB8-45D0-A850-D5E1EF6EB57C}.Debug|Any CPU.ActiveCfg = Debug|Any CPU
		{8EC84DBF-1FB8-45D0-A850-D5E1EF6EB57C}.Debug|Any CPU.Build.0 = Debug|Any CPU
		{8EC84DBF-1FB8-45D0-A850-D5E1EF6EB57C}.Release|Any CPU.ActiveCfg = Release|Any CPU
		{8EC84DBF-1FB8-45D0-A850-D5E1EF6EB57C}.Release|Any CPU.Build.0 = Release|Any CPU
		{B7FED347-C93A-4E6B-82B3-79DA1AA9386A}.Debug|Any CPU.ActiveCfg = Debug|Any CPU
		{B7FED347-C93A-4E6B-82B3-79DA1AA9386A}.Debug|Any CPU.Build.0 = Debug|Any CPU
		{B7FED347-C93A-4E6B-82B3-79DA1AA9386A}.Release|Any CPU.ActiveCfg = Release|Any CPU
		{B7FED347-C93A-4E6B-82B3-79DA1AA9386A}.Release|Any CPU.Build.0 = Release|Any CPU
		{977C9475-6BDD-44DD-8474-05E22AC95470}.Debug|Any CPU.ActiveCfg = Debug|Any CPU
		{977C9475-6BDD-44DD-8474-05E22AC95470}.Debug|Any CPU.Build.0 = Debug|Any CPU
		{977C9475-6BDD-44DD-8474-05E22AC95470}.Release|Any CPU.ActiveCfg = Release|Any CPU
		{977C9475-6BDD-44DD-8474-05E22AC95470}.Release|Any CPU.Build.0 = Release|Any CPU
		{728F730F-3FC2-4C3C-B661-D9C2E92DE3B3}.Debug|Any CPU.ActiveCfg = Debug|Any CPU
		{728F730F-3FC2-4C3C-B661-D9C2E92DE3B3}.Debug|Any CPU.Build.0 = Debug|Any CPU
		{728F730F-3FC2-4C3C-B661-D9C2E92DE3B3}.Release|Any CPU.ActiveCfg = Release|Any CPU
		{728F730F-3FC2-4C3C-B661-D9C2E92DE3B3}.Release|Any CPU.Build.0 = Release|Any CPU
		{CAD4DC6D-C0FD-4140-8657-B168C83711BE}.Debug|Any CPU.ActiveCfg = Debug|Any CPU
		{CAD4DC6D-C0FD-4140-8657-B168C83711BE}.Debug|Any CPU.Build.0 = Debug|Any CPU
		{CAD4DC6D-C0FD-4140-8657-B168C83711BE}.Release|Any CPU.ActiveCfg = Release|Any CPU
		{CAD4DC6D-C0FD-4140-8657-B168C83711BE}.Release|Any CPU.Build.0 = Release|Any CPU
		{F974F517-38FA-4B1F-BFC0-FFA9C12E3889}.Debug|Any CPU.ActiveCfg = Debug|Any CPU
		{F974F517-38FA-4B1F-BFC0-FFA9C12E3889}.Debug|Any CPU.Build.0 = Debug|Any CPU
		{F974F517-38FA-4B1F-BFC0-FFA9C12E3889}.Release|Any CPU.ActiveCfg = Release|Any CPU
		{F974F517-38FA-4B1F-BFC0-FFA9C12E3889}.Release|Any CPU.Build.0 = Release|Any CPU
		{D551FF41-229B-4208-AABE-590AD576AD6F}.Debug|Any CPU.ActiveCfg = Debug|Any CPU
		{D551FF41-229B-4208-AABE-590AD576AD6F}.Debug|Any CPU.Build.0 = Debug|Any CPU
		{D551FF41-229B-4208-AABE-590AD576AD6F}.Release|Any CPU.ActiveCfg = Release|Any CPU
		{D551FF41-229B-4208-AABE-590AD576AD6F}.Release|Any CPU.Build.0 = Release|Any CPU
		{A9F93208-7947-4DF3-84BB-40A6901C16C1}.Debug|Any CPU.ActiveCfg = Debug|Any CPU
		{A9F93208-7947-4DF3-84BB-40A6901C16C1}.Debug|Any CPU.Build.0 = Debug|Any CPU
		{A9F93208-7947-4DF3-84BB-40A6901C16C1}.Release|Any CPU.ActiveCfg = Release|Any CPU
		{A9F93208-7947-4DF3-84BB-40A6901C16C1}.Release|Any CPU.Build.0 = Release|Any CPU
		{BC29CEDE-1058-48AF-805D-8220B355D9EA}.Debug|Any CPU.ActiveCfg = Debug|Any CPU
		{BC29CEDE-1058-48AF-805D-8220B355D9EA}.Debug|Any CPU.Build.0 = Debug|Any CPU
		{BC29CEDE-1058-48AF-805D-8220B355D9EA}.Release|Any CPU.ActiveCfg = Release|Any CPU
		{BC29CEDE-1058-48AF-805D-8220B355D9EA}.Release|Any CPU.Build.0 = Release|Any CPU
		{99378583-1207-48A2-86DD-9541CAD48F6B}.Debug|Any CPU.ActiveCfg = Debug|Any CPU
		{99378583-1207-48A2-86DD-9541CAD48F6B}.Debug|Any CPU.Build.0 = Debug|Any CPU
		{99378583-1207-48A2-86DD-9541CAD48F6B}.Release|Any CPU.ActiveCfg = Release|Any CPU
		{99378583-1207-48A2-86DD-9541CAD48F6B}.Release|Any CPU.Build.0 = Release|Any CPU
		{A523ECDF-10CC-45C9-8419-4884297FACBA}.Debug|Any CPU.ActiveCfg = Debug|Any CPU
		{A523ECDF-10CC-45C9-8419-4884297FACBA}.Debug|Any CPU.Build.0 = Debug|Any CPU
		{A523ECDF-10CC-45C9-8419-4884297FACBA}.Release|Any CPU.ActiveCfg = Release|Any CPU
		{A523ECDF-10CC-45C9-8419-4884297FACBA}.Release|Any CPU.Build.0 = Release|Any CPU
		{B5AC7143-9B26-47D2-A695-105F8F1C678A}.Debug|Any CPU.ActiveCfg = Debug|Any CPU
		{B5AC7143-9B26-47D2-A695-105F8F1C678A}.Debug|Any CPU.Build.0 = Debug|Any CPU
		{B5AC7143-9B26-47D2-A695-105F8F1C678A}.Release|Any CPU.ActiveCfg = Release|Any CPU
		{B5AC7143-9B26-47D2-A695-105F8F1C678A}.Release|Any CPU.Build.0 = Release|Any CPU
	EndGlobalSection
	GlobalSection(SolutionProperties) = preSolution
		HideSolutionNode = FALSE
	EndGlobalSection
	GlobalSection(ExtensibilityGlobals) = postSolution
		SolutionGuid = {370696D6-9014-4714-B784-CE3DBEC14EF2}
	EndGlobalSection
EndGlobal
